// !$*UTF8*$!
{
	archiveVersion = 1;
	classes = {
	};
	objectVersion = 50;
	objects = {

/* Begin PBXBuildFile section */
		571016422332B0730029B0FE /* SearchViewController.swift in Sources */ = {isa = PBXBuildFile; fileRef = 571016412332B0730029B0FE /* SearchViewController.swift */; };
		57166E9B23316E830043E2C3 /* BotaoQueroAssistir.swift in Sources */ = {isa = PBXBuildFile; fileRef = 57166E9A23316E830043E2C3 /* BotaoQueroAssistir.swift */; };
		5716B4922332B41E00A37DA3 /* CheckCollectionViewCell.swift in Sources */ = {isa = PBXBuildFile; fileRef = 5716B4902332B41E00A37DA3 /* CheckCollectionViewCell.swift */; };
		5716B4932332B41E00A37DA3 /* CheckCollectionViewCell.xib in Resources */ = {isa = PBXBuildFile; fileRef = 5716B4912332B41E00A37DA3 /* CheckCollectionViewCell.xib */; };
		571813C72334021000180C4C /* TesteViewController.swift in Sources */ = {isa = PBXBuildFile; fileRef = 571813C62334021000180C4C /* TesteViewController.swift */; };
		571813C9233407B100180C4C /* Filme.swift in Sources */ = {isa = PBXBuildFile; fileRef = 571813C8233407B100180C4C /* Filme.swift */; };
		5720743D233A9AF300B54D12 /* Assets.xcassets in Resources */ = {isa = PBXBuildFile; fileRef = 5720743C233A9AF300B54D12 /* Assets.xcassets */; };
		572FF5712333EE1000E620C8 /* MyListViewController.swift in Sources */ = {isa = PBXBuildFile; fileRef = 572FF5702333EE1000E620C8 /* MyListViewController.swift */; };
		572FF5732333F5B500E620C8 /* MyListCollectionCell.swift in Sources */ = {isa = PBXBuildFile; fileRef = 572FF5722333F5B500E620C8 /* MyListCollectionCell.swift */; };
		5739FD20232FFF8700C8623A /* AppDelegate.swift in Sources */ = {isa = PBXBuildFile; fileRef = 5739FD1F232FFF8700C8623A /* AppDelegate.swift */; };
		5739FD22232FFF8700C8623A /* FirstViewController.swift in Sources */ = {isa = PBXBuildFile; fileRef = 5739FD21232FFF8700C8623A /* FirstViewController.swift */; };
		5739FD24232FFF8700C8623A /* SecondViewController.swift in Sources */ = {isa = PBXBuildFile; fileRef = 5739FD23232FFF8700C8623A /* SecondViewController.swift */; };
		5739FD27232FFF8700C8623A /* Main.storyboard in Resources */ = {isa = PBXBuildFile; fileRef = 5739FD25232FFF8700C8623A /* Main.storyboard */; };
		5739FD2C232FFF8800C8623A /* LaunchScreen.storyboard in Resources */ = {isa = PBXBuildFile; fileRef = 5739FD2A232FFF8800C8623A /* LaunchScreen.storyboard */; };
		5739FD37232FFF8800C8623A /* HistoryAppTests.swift in Sources */ = {isa = PBXBuildFile; fileRef = 5739FD36232FFF8800C8623A /* HistoryAppTests.swift */; };
		5739FD42232FFF8800C8623A /* HistoryAppUITests.swift in Sources */ = {isa = PBXBuildFile; fileRef = 5739FD41232FFF8800C8623A /* HistoryAppUITests.swift */; };
		579628F223300A3300F72B46 /* CategoriaController.swift in Sources */ = {isa = PBXBuildFile; fileRef = 579628F023300A3300F72B46 /* CategoriaController.swift */; };
		579628F323300A3300F72B46 /* CategoriaController.xib in Resources */ = {isa = PBXBuildFile; fileRef = 579628F123300A3300F72B46 /* CategoriaController.xib */; };
		579628F523300B9500F72B46 /* Categorias.storyboard in Resources */ = {isa = PBXBuildFile; fileRef = 579628F423300B9500F72B46 /* Categorias.storyboard */; };
		579628F823300BF200F72B46 /* Home.storyboard in Resources */ = {isa = PBXBuildFile; fileRef = 579628F623300BF200F72B46 /* Home.storyboard */; };
		579628FA23300C5200F72B46 /* Search.storyboard in Resources */ = {isa = PBXBuildFile; fileRef = 579628F923300C5200F72B46 /* Search.storyboard */; };
		579628FD23300C6300F72B46 /* MyList.storyboard in Resources */ = {isa = PBXBuildFile; fileRef = 579628FB23300C6300F72B46 /* MyList.storyboard */; };
		579628FF23301E3000F72B46 /* CategoriaListaController.swift in Sources */ = {isa = PBXBuildFile; fileRef = 579628FE23301E3000F72B46 /* CategoriaListaController.swift */; };
		5796290123302AAF00F72B46 /* ObraController.swift in Sources */ = {isa = PBXBuildFile; fileRef = 5796290023302AAF00F72B46 /* ObraController.swift */; };
/* End PBXBuildFile section */

/* Begin PBXContainerItemProxy section */
		5739FD33232FFF8800C8623A /* PBXContainerItemProxy */ = {
			isa = PBXContainerItemProxy;
			containerPortal = 5739FD14232FFF8600C8623A /* Project object */;
			proxyType = 1;
			remoteGlobalIDString = 5739FD1B232FFF8600C8623A;
			remoteInfo = HistoryApp;
		};
		5739FD3E232FFF8800C8623A /* PBXContainerItemProxy */ = {
			isa = PBXContainerItemProxy;
			containerPortal = 5739FD14232FFF8600C8623A /* Project object */;
			proxyType = 1;
			remoteGlobalIDString = 5739FD1B232FFF8600C8623A;
			remoteInfo = HistoryApp;
		};
/* End PBXContainerItemProxy section */

/* Begin PBXFileReference section */
		571016412332B0730029B0FE /* SearchViewController.swift */ = {isa = PBXFileReference; lastKnownFileType = sourcecode.swift; path = SearchViewController.swift; sourceTree = "<group>"; };
		57166E9A23316E830043E2C3 /* BotaoQueroAssistir.swift */ = {isa = PBXFileReference; lastKnownFileType = sourcecode.swift; path = BotaoQueroAssistir.swift; sourceTree = "<group>"; };
		5716B4902332B41E00A37DA3 /* CheckCollectionViewCell.swift */ = {isa = PBXFileReference; lastKnownFileType = sourcecode.swift; path = CheckCollectionViewCell.swift; sourceTree = "<group>"; };
		5716B4912332B41E00A37DA3 /* CheckCollectionViewCell.xib */ = {isa = PBXFileReference; lastKnownFileType = file.xib; path = CheckCollectionViewCell.xib; sourceTree = "<group>"; };
		571813C62334021000180C4C /* TesteViewController.swift */ = {isa = PBXFileReference; lastKnownFileType = sourcecode.swift; path = TesteViewController.swift; sourceTree = "<group>"; };
		571813C8233407B100180C4C /* Filme.swift */ = {isa = PBXFileReference; lastKnownFileType = sourcecode.swift; path = Filme.swift; sourceTree = "<group>"; };
		5720743C233A9AF300B54D12 /* Assets.xcassets */ = {isa = PBXFileReference; lastKnownFileType = folder.assetcatalog; path = Assets.xcassets; sourceTree = SOURCE_ROOT; };
		572FF5702333EE1000E620C8 /* MyListViewController.swift */ = {isa = PBXFileReference; lastKnownFileType = sourcecode.swift; path = MyListViewController.swift; sourceTree = "<group>"; };
		572FF5722333F5B500E620C8 /* MyListCollectionCell.swift */ = {isa = PBXFileReference; lastKnownFileType = sourcecode.swift; path = MyListCollectionCell.swift; sourceTree = "<group>"; };
		5739FD1C232FFF8600C8623A /* HistoryApp.app */ = {isa = PBXFileReference; explicitFileType = wrapper.application; includeInIndex = 0; path = HistoryApp.app; sourceTree = BUILT_PRODUCTS_DIR; };
		5739FD1F232FFF8700C8623A /* AppDelegate.swift */ = {isa = PBXFileReference; lastKnownFileType = sourcecode.swift; path = AppDelegate.swift; sourceTree = "<group>"; };
		5739FD21232FFF8700C8623A /* FirstViewController.swift */ = {isa = PBXFileReference; lastKnownFileType = sourcecode.swift; path = FirstViewController.swift; sourceTree = "<group>"; };
		5739FD23232FFF8700C8623A /* SecondViewController.swift */ = {isa = PBXFileReference; lastKnownFileType = sourcecode.swift; path = SecondViewController.swift; sourceTree = "<group>"; };
		5739FD26232FFF8700C8623A /* Base */ = {isa = PBXFileReference; lastKnownFileType = file.storyboard; name = Base; path = Base.lproj/Main.storyboard; sourceTree = "<group>"; };
		5739FD2B232FFF8800C8623A /* Base */ = {isa = PBXFileReference; lastKnownFileType = file.storyboard; name = Base; path = Base.lproj/LaunchScreen.storyboard; sourceTree = "<group>"; };
		5739FD2D232FFF8800C8623A /* Info.plist */ = {isa = PBXFileReference; lastKnownFileType = text.plist.xml; path = Info.plist; sourceTree = "<group>"; };
		5739FD32232FFF8800C8623A /* HistoryAppTests.xctest */ = {isa = PBXFileReference; explicitFileType = wrapper.cfbundle; includeInIndex = 0; path = HistoryAppTests.xctest; sourceTree = BUILT_PRODUCTS_DIR; };
		5739FD36232FFF8800C8623A /* HistoryAppTests.swift */ = {isa = PBXFileReference; lastKnownFileType = sourcecode.swift; path = HistoryAppTests.swift; sourceTree = "<group>"; };
		5739FD38232FFF8800C8623A /* Info.plist */ = {isa = PBXFileReference; lastKnownFileType = text.plist.xml; path = Info.plist; sourceTree = "<group>"; };
		5739FD3D232FFF8800C8623A /* HistoryAppUITests.xctest */ = {isa = PBXFileReference; explicitFileType = wrapper.cfbundle; includeInIndex = 0; path = HistoryAppUITests.xctest; sourceTree = BUILT_PRODUCTS_DIR; };
		5739FD41232FFF8800C8623A /* HistoryAppUITests.swift */ = {isa = PBXFileReference; lastKnownFileType = sourcecode.swift; path = HistoryAppUITests.swift; sourceTree = "<group>"; };
		5739FD43232FFF8800C8623A /* Info.plist */ = {isa = PBXFileReference; lastKnownFileType = text.plist.xml; path = Info.plist; sourceTree = "<group>"; };
		579628F023300A3300F72B46 /* CategoriaController.swift */ = {isa = PBXFileReference; lastKnownFileType = sourcecode.swift; path = CategoriaController.swift; sourceTree = "<group>"; };
		579628F123300A3300F72B46 /* CategoriaController.xib */ = {isa = PBXFileReference; lastKnownFileType = file.xib; path = CategoriaController.xib; sourceTree = "<group>"; };
		579628F423300B9500F72B46 /* Categorias.storyboard */ = {isa = PBXFileReference; fileEncoding = 4; lastKnownFileType = file.storyboard; path = Categorias.storyboard; sourceTree = "<group>"; };
		579628F723300BF200F72B46 /* Base */ = {isa = PBXFileReference; lastKnownFileType = file.storyboard; name = Base; path = HistoryApp/Base.lproj/Home.storyboard; sourceTree = "<group>"; };
		579628F923300C5200F72B46 /* Search.storyboard */ = {isa = PBXFileReference; fileEncoding = 4; lastKnownFileType = file.storyboard; path = Search.storyboard; sourceTree = "<group>"; };
		579628FC23300C6300F72B46 /* Base */ = {isa = PBXFileReference; lastKnownFileType = file.storyboard; name = Base; path = HistoryApp/Base.lproj/MyList.storyboard; sourceTree = "<group>"; };
		579628FE23301E3000F72B46 /* CategoriaListaController.swift */ = {isa = PBXFileReference; lastKnownFileType = sourcecode.swift; path = CategoriaListaController.swift; sourceTree = "<group>"; };
		5796290023302AAF00F72B46 /* ObraController.swift */ = {isa = PBXFileReference; lastKnownFileType = sourcecode.swift; path = ObraController.swift; sourceTree = "<group>"; };
/* End PBXFileReference section */

/* Begin PBXFrameworksBuildPhase section */
		5739FD19232FFF8600C8623A /* Frameworks */ = {
			isa = PBXFrameworksBuildPhase;
			buildActionMask = 2147483647;
			files = (
			);
			runOnlyForDeploymentPostprocessing = 0;
		};
		5739FD2F232FFF8800C8623A /* Frameworks */ = {
			isa = PBXFrameworksBuildPhase;
			buildActionMask = 2147483647;
			files = (
			);
			runOnlyForDeploymentPostprocessing = 0;
		};
		5739FD3A232FFF8800C8623A /* Frameworks */ = {
			isa = PBXFrameworksBuildPhase;
			buildActionMask = 2147483647;
			files = (
			);
			runOnlyForDeploymentPostprocessing = 0;
		};
/* End PBXFrameworksBuildPhase section */

/* Begin PBXGroup section */
		5716B4942332B42400A37DA3 /* CheckCollectionViewCell */ = {
			isa = PBXGroup;
			children = (
				5716B4902332B41E00A37DA3 /* CheckCollectionViewCell.swift */,
				5716B4912332B41E00A37DA3 /* CheckCollectionViewCell.xib */,
			);
			path = CheckCollectionViewCell;
			sourceTree = "<group>";
		};
		5739FD13232FFF8600C8623A = {
			isa = PBXGroup;
			children = (
				5739FD1E232FFF8600C8623A /* HistoryApp */,
				5739FD35232FFF8800C8623A /* HistoryAppTests */,
				5739FD40232FFF8800C8623A /* HistoryAppUITests */,
				5739FD1D232FFF8600C8623A /* Products */,
			);
			sourceTree = "<group>";
		};
		5739FD1D232FFF8600C8623A /* Products */ = {
			isa = PBXGroup;
			children = (
				5739FD1C232FFF8600C8623A /* HistoryApp.app */,
				5739FD32232FFF8800C8623A /* HistoryAppTests.xctest */,
				5739FD3D232FFF8800C8623A /* HistoryAppUITests.xctest */,
			);
			name = Products;
			sourceTree = "<group>";
		};
		5739FD1E232FFF8600C8623A /* HistoryApp */ = {
			isa = PBXGroup;
			children = (
				5739FD1F232FFF8700C8623A /* AppDelegate.swift */,
				5739FD21232FFF8700C8623A /* FirstViewController.swift */,
				579628F023300A3300F72B46 /* CategoriaController.swift */,
				579628FE23301E3000F72B46 /* CategoriaListaController.swift */,
				5796290023302AAF00F72B46 /* ObraController.swift */,
				571016412332B0730029B0FE /* SearchViewController.swift */,
				572FF5702333EE1000E620C8 /* MyListViewController.swift */,
				5739FD23232FFF8700C8623A /* SecondViewController.swift */,
				572FF5722333F5B500E620C8 /* MyListCollectionCell.swift */,
				57166E9A23316E830043E2C3 /* BotaoQueroAssistir.swift */,
				5739FD25232FFF8700C8623A /* Main.storyboard */,
				579628F423300B9500F72B46 /* Categorias.storyboard */,
				579628FB23300C6300F72B46 /* MyList.storyboard */,
				579628F923300C5200F72B46 /* Search.storyboard */,
				579628F623300BF200F72B46 /* Home.storyboard */,
				571813C8233407B100180C4C /* Filme.swift */,
				571813C62334021000180C4C /* TesteViewController.swift */,
				5720743C233A9AF300B54D12 /* Assets.xcassets */,
				5739FD2A232FFF8800C8623A /* LaunchScreen.storyboard */,
				5739FD2D232FFF8800C8623A /* Info.plist */,
				579628F123300A3300F72B46 /* CategoriaController.xib */,
				5716B4942332B42400A37DA3 /* CheckCollectionViewCell */,
			);
			path = HistoryApp;
			sourceTree = "<group>";
		};
		5739FD35232FFF8800C8623A /* HistoryAppTests */ = {
			isa = PBXGroup;
			children = (
				5739FD36232FFF8800C8623A /* HistoryAppTests.swift */,
				5739FD38232FFF8800C8623A /* Info.plist */,
			);
			path = HistoryAppTests;
			sourceTree = "<group>";
		};
		5739FD40232FFF8800C8623A /* HistoryAppUITests */ = {
			isa = PBXGroup;
			children = (
				5739FD41232FFF8800C8623A /* HistoryAppUITests.swift */,
				5739FD43232FFF8800C8623A /* Info.plist */,
			);
			path = HistoryAppUITests;
			sourceTree = "<group>";
		};
/* End PBXGroup section */

/* Begin PBXNativeTarget section */
		5739FD1B232FFF8600C8623A /* HistoryApp */ = {
			isa = PBXNativeTarget;
			buildConfigurationList = 5739FD46232FFF8800C8623A /* Build configuration list for PBXNativeTarget "HistoryApp" */;
			buildPhases = (
				5739FD18232FFF8600C8623A /* Sources */,
				5739FD19232FFF8600C8623A /* Frameworks */,
				5739FD1A232FFF8600C8623A /* Resources */,
			);
			buildRules = (
			);
			dependencies = (
			);
			name = HistoryApp;
			productName = HistoryApp;
			productReference = 5739FD1C232FFF8600C8623A /* HistoryApp.app */;
			productType = "com.apple.product-type.application";
		};
		5739FD31232FFF8800C8623A /* HistoryAppTests */ = {
			isa = PBXNativeTarget;
			buildConfigurationList = 5739FD49232FFF8800C8623A /* Build configuration list for PBXNativeTarget "HistoryAppTests" */;
			buildPhases = (
				5739FD2E232FFF8800C8623A /* Sources */,
				5739FD2F232FFF8800C8623A /* Frameworks */,
				5739FD30232FFF8800C8623A /* Resources */,
			);
			buildRules = (
			);
			dependencies = (
				5739FD34232FFF8800C8623A /* PBXTargetDependency */,
			);
			name = HistoryAppTests;
			productName = HistoryAppTests;
			productReference = 5739FD32232FFF8800C8623A /* HistoryAppTests.xctest */;
			productType = "com.apple.product-type.bundle.unit-test";
		};
		5739FD3C232FFF8800C8623A /* HistoryAppUITests */ = {
			isa = PBXNativeTarget;
			buildConfigurationList = 5739FD4C232FFF8800C8623A /* Build configuration list for PBXNativeTarget "HistoryAppUITests" */;
			buildPhases = (
				5739FD39232FFF8800C8623A /* Sources */,
				5739FD3A232FFF8800C8623A /* Frameworks */,
				5739FD3B232FFF8800C8623A /* Resources */,
			);
			buildRules = (
			);
			dependencies = (
				5739FD3F232FFF8800C8623A /* PBXTargetDependency */,
			);
			name = HistoryAppUITests;
			productName = HistoryAppUITests;
			productReference = 5739FD3D232FFF8800C8623A /* HistoryAppUITests.xctest */;
			productType = "com.apple.product-type.bundle.ui-testing";
		};
/* End PBXNativeTarget section */

/* Begin PBXProject section */
		5739FD14232FFF8600C8623A /* Project object */ = {
			isa = PBXProject;
			attributes = {
				LastSwiftUpdateCheck = 1030;
				LastUpgradeCheck = 1030;
				ORGANIZATIONNAME = aluno;
				TargetAttributes = {
					5739FD1B232FFF8600C8623A = {
						CreatedOnToolsVersion = 10.3;
					};
					5739FD31232FFF8800C8623A = {
						CreatedOnToolsVersion = 10.3;
						TestTargetID = 5739FD1B232FFF8600C8623A;
					};
					5739FD3C232FFF8800C8623A = {
						CreatedOnToolsVersion = 10.3;
						TestTargetID = 5739FD1B232FFF8600C8623A;
					};
				};
			};
			buildConfigurationList = 5739FD17232FFF8600C8623A /* Build configuration list for PBXProject "HistoryApp" */;
			compatibilityVersion = "Xcode 9.3";
			developmentRegion = en;
			hasScannedForEncodings = 0;
			knownRegions = (
				en,
				Base,
			);
			mainGroup = 5739FD13232FFF8600C8623A;
			productRefGroup = 5739FD1D232FFF8600C8623A /* Products */;
			projectDirPath = "";
			projectRoot = "";
			targets = (
				5739FD1B232FFF8600C8623A /* HistoryApp */,
				5739FD31232FFF8800C8623A /* HistoryAppTests */,
				5739FD3C232FFF8800C8623A /* HistoryAppUITests */,
			);
		};
/* End PBXProject section */

/* Begin PBXResourcesBuildPhase section */
		5739FD1A232FFF8600C8623A /* Resources */ = {
			isa = PBXResourcesBuildPhase;
			buildActionMask = 2147483647;
			files = (
				5739FD2C232FFF8800C8623A /* LaunchScreen.storyboard in Resources */,
				579628FD23300C6300F72B46 /* MyList.storyboard in Resources */,
				5739FD27232FFF8700C8623A /* Main.storyboard in Resources */,
				579628F823300BF200F72B46 /* Home.storyboard in Resources */,
				579628FA23300C5200F72B46 /* Search.storyboard in Resources */,
				5716B4932332B41E00A37DA3 /* CheckCollectionViewCell.xib in Resources */,
				579628F323300A3300F72B46 /* CategoriaController.xib in Resources */,
				5720743D233A9AF300B54D12 /* Assets.xcassets in Resources */,
				579628F523300B9500F72B46 /* Categorias.storyboard in Resources */,
			);
			runOnlyForDeploymentPostprocessing = 0;
		};
		5739FD30232FFF8800C8623A /* Resources */ = {
			isa = PBXResourcesBuildPhase;
			buildActionMask = 2147483647;
			files = (
			);
			runOnlyForDeploymentPostprocessing = 0;
		};
		5739FD3B232FFF8800C8623A /* Resources */ = {
			isa = PBXResourcesBuildPhase;
			buildActionMask = 2147483647;
			files = (
			);
			runOnlyForDeploymentPostprocessing = 0;
		};
/* End PBXResourcesBuildPhase section */

/* Begin PBXSourcesBuildPhase section */
		5739FD18232FFF8600C8623A /* Sources */ = {
			isa = PBXSourcesBuildPhase;
			buildActionMask = 2147483647;
			files = (
				57166E9B23316E830043E2C3 /* BotaoQueroAssistir.swift in Sources */,
				5716B4922332B41E00A37DA3 /* CheckCollectionViewCell.swift in Sources */,
				5739FD24232FFF8700C8623A /* SecondViewController.swift in Sources */,
				571813C72334021000180C4C /* TesteViewController.swift in Sources */,
				571813C9233407B100180C4C /* Filme.swift in Sources */,
				572FF5732333F5B500E620C8 /* MyListCollectionCell.swift in Sources */,
				571016422332B0730029B0FE /* SearchViewController.swift in Sources */,
				579628FF23301E3000F72B46 /* CategoriaListaController.swift in Sources */,
				579628F223300A3300F72B46 /* CategoriaController.swift in Sources */,
				5739FD20232FFF8700C8623A /* AppDelegate.swift in Sources */,
				5739FD22232FFF8700C8623A /* FirstViewController.swift in Sources */,
				572FF5712333EE1000E620C8 /* MyListViewController.swift in Sources */,
				5796290123302AAF00F72B46 /* ObraController.swift in Sources */,
			);
			runOnlyForDeploymentPostprocessing = 0;
		};
		5739FD2E232FFF8800C8623A /* Sources */ = {
			isa = PBXSourcesBuildPhase;
			buildActionMask = 2147483647;
			files = (
				5739FD37232FFF8800C8623A /* HistoryAppTests.swift in Sources */,
			);
			runOnlyForDeploymentPostprocessing = 0;
		};
		5739FD39232FFF8800C8623A /* Sources */ = {
			isa = PBXSourcesBuildPhase;
			buildActionMask = 2147483647;
			files = (
				5739FD42232FFF8800C8623A /* HistoryAppUITests.swift in Sources */,
			);
			runOnlyForDeploymentPostprocessing = 0;
		};
/* End PBXSourcesBuildPhase section */

/* Begin PBXTargetDependency section */
		5739FD34232FFF8800C8623A /* PBXTargetDependency */ = {
			isa = PBXTargetDependency;
			target = 5739FD1B232FFF8600C8623A /* HistoryApp */;
			targetProxy = 5739FD33232FFF8800C8623A /* PBXContainerItemProxy */;
		};
		5739FD3F232FFF8800C8623A /* PBXTargetDependency */ = {
			isa = PBXTargetDependency;
			target = 5739FD1B232FFF8600C8623A /* HistoryApp */;
			targetProxy = 5739FD3E232FFF8800C8623A /* PBXContainerItemProxy */;
		};
/* End PBXTargetDependency section */

/* Begin PBXVariantGroup section */
		5739FD25232FFF8700C8623A /* Main.storyboard */ = {
			isa = PBXVariantGroup;
			children = (
				5739FD26232FFF8700C8623A /* Base */,
			);
			name = Main.storyboard;
			sourceTree = "<group>";
		};
		5739FD2A232FFF8800C8623A /* LaunchScreen.storyboard */ = {
			isa = PBXVariantGroup;
			children = (
				5739FD2B232FFF8800C8623A /* Base */,
			);
			name = LaunchScreen.storyboard;
			sourceTree = "<group>";
		};
		579628F623300BF200F72B46 /* Home.storyboard */ = {
			isa = PBXVariantGroup;
			children = (
				579628F723300BF200F72B46 /* Base */,
			);
			name = Home.storyboard;
			sourceTree = "<group>";
		};
		579628FB23300C6300F72B46 /* MyList.storyboard */ = {
			isa = PBXVariantGroup;
			children = (
				579628FC23300C6300F72B46 /* Base */,
			);
			name = MyList.storyboard;
			sourceTree = "<group>";
		};
/* End PBXVariantGroup section */

/* Begin XCBuildConfiguration section */
		5739FD44232FFF8800C8623A /* Debug */ = {
			isa = XCBuildConfiguration;
			buildSettings = {
				ALWAYS_SEARCH_USER_PATHS = NO;
				CLANG_ANALYZER_NONNULL = YES;
				CLANG_ANALYZER_NUMBER_OBJECT_CONVERSION = YES_AGGRESSIVE;
				CLANG_CXX_LANGUAGE_STANDARD = "gnu++14";
				CLANG_CXX_LIBRARY = "libc++";
				CLANG_ENABLE_MODULES = YES;
				CLANG_ENABLE_OBJC_ARC = YES;
				CLANG_ENABLE_OBJC_WEAK = YES;
				CLANG_WARN_BLOCK_CAPTURE_AUTORELEASING = YES;
				CLANG_WARN_BOOL_CONVERSION = YES;
				CLANG_WARN_COMMA = YES;
				CLANG_WARN_CONSTANT_CONVERSION = YES;
				CLANG_WARN_DEPRECATED_OBJC_IMPLEMENTATIONS = YES;
				CLANG_WARN_DIRECT_OBJC_ISA_USAGE = YES_ERROR;
				CLANG_WARN_DOCUMENTATION_COMMENTS = YES;
				CLANG_WARN_EMPTY_BODY = YES;
				CLANG_WARN_ENUM_CONVERSION = YES;
				CLANG_WARN_INFINITE_RECURSION = YES;
				CLANG_WARN_INT_CONVERSION = YES;
				CLANG_WARN_NON_LITERAL_NULL_CONVERSION = YES;
				CLANG_WARN_OBJC_IMPLICIT_RETAIN_SELF = YES;
				CLANG_WARN_OBJC_LITERAL_CONVERSION = YES;
				CLANG_WARN_OBJC_ROOT_CLASS = YES_ERROR;
				CLANG_WARN_RANGE_LOOP_ANALYSIS = YES;
				CLANG_WARN_STRICT_PROTOTYPES = YES;
				CLANG_WARN_SUSPICIOUS_MOVE = YES;
				CLANG_WARN_UNGUARDED_AVAILABILITY = YES_AGGRESSIVE;
				CLANG_WARN_UNREACHABLE_CODE = YES;
				CLANG_WARN__DUPLICATE_METHOD_MATCH = YES;
				CODE_SIGN_IDENTITY = "iPhone Developer";
				COPY_PHASE_STRIP = NO;
				DEBUG_INFORMATION_FORMAT = dwarf;
				ENABLE_STRICT_OBJC_MSGSEND = YES;
				ENABLE_TESTABILITY = YES;
				GCC_C_LANGUAGE_STANDARD = gnu11;
				GCC_DYNAMIC_NO_PIC = NO;
				GCC_NO_COMMON_BLOCKS = YES;
				GCC_OPTIMIZATION_LEVEL = 0;
				GCC_PREPROCESSOR_DEFINITIONS = (
					"DEBUG=1",
					"$(inherited)",
				);
				GCC_WARN_64_TO_32_BIT_CONVERSION = YES;
				GCC_WARN_ABOUT_RETURN_TYPE = YES_ERROR;
				GCC_WARN_UNDECLARED_SELECTOR = YES;
				GCC_WARN_UNINITIALIZED_AUTOS = YES_AGGRESSIVE;
				GCC_WARN_UNUSED_FUNCTION = YES;
				GCC_WARN_UNUSED_VARIABLE = YES;
				IPHONEOS_DEPLOYMENT_TARGET = 12.4;
				MTL_ENABLE_DEBUG_INFO = INCLUDE_SOURCE;
				MTL_FAST_MATH = YES;
				ONLY_ACTIVE_ARCH = YES;
				SDKROOT = iphoneos;
				SWIFT_ACTIVE_COMPILATION_CONDITIONS = DEBUG;
				SWIFT_OPTIMIZATION_LEVEL = "-Onone";
			};
			name = Debug;
		};
		5739FD45232FFF8800C8623A /* Release */ = {
			isa = XCBuildConfiguration;
			buildSettings = {
				ALWAYS_SEARCH_USER_PATHS = NO;
				CLANG_ANALYZER_NONNULL = YES;
				CLANG_ANALYZER_NUMBER_OBJECT_CONVERSION = YES_AGGRESSIVE;
				CLANG_CXX_LANGUAGE_STANDARD = "gnu++14";
				CLANG_CXX_LIBRARY = "libc++";
				CLANG_ENABLE_MODULES = YES;
				CLANG_ENABLE_OBJC_ARC = YES;
				CLANG_ENABLE_OBJC_WEAK = YES;
				CLANG_WARN_BLOCK_CAPTURE_AUTORELEASING = YES;
				CLANG_WARN_BOOL_CONVERSION = YES;
				CLANG_WARN_COMMA = YES;
				CLANG_WARN_CONSTANT_CONVERSION = YES;
				CLANG_WARN_DEPRECATED_OBJC_IMPLEMENTATIONS = YES;
				CLANG_WARN_DIRECT_OBJC_ISA_USAGE = YES_ERROR;
				CLANG_WARN_DOCUMENTATION_COMMENTS = YES;
				CLANG_WARN_EMPTY_BODY = YES;
				CLANG_WARN_ENUM_CONVERSION = YES;
				CLANG_WARN_INFINITE_RECURSION = YES;
				CLANG_WARN_INT_CONVERSION = YES;
				CLANG_WARN_NON_LITERAL_NULL_CONVERSION = YES;
				CLANG_WARN_OBJC_IMPLICIT_RETAIN_SELF = YES;
				CLANG_WARN_OBJC_LITERAL_CONVERSION = YES;
				CLANG_WARN_OBJC_ROOT_CLASS = YES_ERROR;
				CLANG_WARN_RANGE_LOOP_ANALYSIS = YES;
				CLANG_WARN_STRICT_PROTOTYPES = YES;
				CLANG_WARN_SUSPICIOUS_MOVE = YES;
				CLANG_WARN_UNGUARDED_AVAILABILITY = YES_AGGRESSIVE;
				CLANG_WARN_UNREACHABLE_CODE = YES;
				CLANG_WARN__DUPLICATE_METHOD_MATCH = YES;
				CODE_SIGN_IDENTITY = "iPhone Developer";
				COPY_PHASE_STRIP = NO;
				DEBUG_INFORMATION_FORMAT = "dwarf-with-dsym";
				ENABLE_NS_ASSERTIONS = NO;
				ENABLE_STRICT_OBJC_MSGSEND = YES;
				GCC_C_LANGUAGE_STANDARD = gnu11;
				GCC_NO_COMMON_BLOCKS = YES;
				GCC_WARN_64_TO_32_BIT_CONVERSION = YES;
				GCC_WARN_ABOUT_RETURN_TYPE = YES_ERROR;
				GCC_WARN_UNDECLARED_SELECTOR = YES;
				GCC_WARN_UNINITIALIZED_AUTOS = YES_AGGRESSIVE;
				GCC_WARN_UNUSED_FUNCTION = YES;
				GCC_WARN_UNUSED_VARIABLE = YES;
				IPHONEOS_DEPLOYMENT_TARGET = 12.4;
				MTL_ENABLE_DEBUG_INFO = NO;
				MTL_FAST_MATH = YES;
				SDKROOT = iphoneos;
				SWIFT_COMPILATION_MODE = wholemodule;
				SWIFT_OPTIMIZATION_LEVEL = "-O";
				VALIDATE_PRODUCT = YES;
			};
			name = Release;
		};
		5739FD47232FFF8800C8623A /* Debug */ = {
			isa = XCBuildConfiguration;
			buildSettings = {
				ASSETCATALOG_COMPILER_APPICON_NAME = AppIcon;
				CODE_SIGN_STYLE = Automatic;
				INFOPLIST_FILE = HistoryApp/Info.plist;
				LD_RUNPATH_SEARCH_PATHS = (
					"$(inherited)",
					"@executable_path/Frameworks",
				);
				PRODUCT_BUNDLE_IDENTIFIER = aluno.HistoryApp;
				PRODUCT_NAME = "$(TARGET_NAME)";
				SWIFT_VERSION = 5.0;
				TARGETED_DEVICE_FAMILY = "1,2";
			};
			name = Debug;
		};
		5739FD48232FFF8800C8623A /* Release */ = {
			isa = XCBuildConfiguration;
			buildSettings = {
				ASSETCATALOG_COMPILER_APPICON_NAME = AppIcon;
				CODE_SIGN_STYLE = Automatic;
				INFOPLIST_FILE = HistoryApp/Info.plist;
				LD_RUNPATH_SEARCH_PATHS = (
					"$(inherited)",
					"@executable_path/Frameworks",
				);
				PRODUCT_BUNDLE_IDENTIFIER = aluno.HistoryApp;
				PRODUCT_NAME = "$(TARGET_NAME)";
				SWIFT_VERSION = 5.0;
				TARGETED_DEVICE_FAMILY = "1,2";
			};
			name = Release;
		};
		5739FD4A232FFF8800C8623A /* Debug */ = {
			isa = XCBuildConfiguration;
			buildSettings = {
				ALWAYS_EMBED_SWIFT_STANDARD_LIBRARIES = YES;
				BUNDLE_LOADER = "$(TEST_HOST)";
				CODE_SIGN_STYLE = Automatic;
				INFOPLIST_FILE = HistoryAppTests/Info.plist;
				LD_RUNPATH_SEARCH_PATHS = (
					"$(inherited)",
					"@executable_path/Frameworks",
					"@loader_path/Frameworks",
				);
				PRODUCT_BUNDLE_IDENTIFIER = aluno.HistoryAppTests;
				PRODUCT_NAME = "$(TARGET_NAME)";
				SWIFT_VERSION = 5.0;
				TARGETED_DEVICE_FAMILY = "1,2";
				TEST_HOST = "$(BUILT_PRODUCTS_DIR)/HistoryApp.app/HistoryApp";
			};
			name = Debug;
		};
		5739FD4B232FFF8800C8623A /* Release */ = {
			isa = XCBuildConfiguration;
			buildSettings = {
				ALWAYS_EMBED_SWIFT_STANDARD_LIBRARIES = YES;
				BUNDLE_LOADER = "$(TEST_HOST)";
				CODE_SIGN_STYLE = Automatic;
				INFOPLIST_FILE = HistoryAppTests/Info.plist;
				LD_RUNPATH_SEARCH_PATHS = (
					"$(inherited)",
					"@executable_path/Frameworks",
					"@loader_path/Frameworks",
				);
				PRODUCT_BUNDLE_IDENTIFIER = aluno.HistoryAppTests;
				PRODUCT_NAME = "$(TARGET_NAME)";
				SWIFT_VERSION = 5.0;
				TARGETED_DEVICE_FAMILY = "1,2";
				TEST_HOST = "$(BUILT_PRODUCTS_DIR)/HistoryApp.app/HistoryApp";
			};
			name = Release;
		};
		5739FD4D232FFF8800C8623A /* Debug */ = {
			isa = XCBuildConfiguration;
			buildSettings = {
				ALWAYS_EMBED_SWIFT_STANDARD_LIBRARIES = YES;
				CODE_SIGN_STYLE = Automatic;
				INFOPLIST_FILE = HistoryAppUITests/Info.plist;
				LD_RUNPATH_SEARCH_PATHS = (
					"$(inherited)",
					"@executable_path/Frameworks",
					"@loader_path/Frameworks",
				);
				PRODUCT_BUNDLE_IDENTIFIER = aluno.HistoryAppUITests;
				PRODUCT_NAME = "$(TARGET_NAME)";
				SWIFT_VERSION = 5.0;
				TARGETED_DEVICE_FAMILY = "1,2";
				TEST_TARGET_NAME = HistoryApp;
			};
			name = Debug;
		};
		5739FD4E232FFF8800C8623A /* Release */ = {
			isa = XCBuildConfiguration;
			buildSettings = {
				ALWAYS_EMBED_SWIFT_STANDARD_LIBRARIES = YES;
				CODE_SIGN_STYLE = Automatic;
				INFOPLIST_FILE = HistoryAppUITests/Info.plist;
				LD_RUNPATH_SEARCH_PATHS = (
					"$(inherited)",
					"@executable_path/Frameworks",
					"@loader_path/Frameworks",
				);
				PRODUCT_BUNDLE_IDENTIFIER = aluno.HistoryAppUITests;
				PRODUCT_NAME = "$(TARGET_NAME)";
				SWIFT_VERSION = 5.0;
				TARGETED_DEVICE_FAMILY = "1,2";
				TEST_TARGET_NAME = HistoryApp;
			};
			name = Release;
		};
/* End XCBuildConfiguration section */

/* Begin XCConfigurationList section */
		5739FD17232FFF8600C8623A /* Build configuration list for PBXProject "HistoryApp" */ = {
			isa = XCConfigurationList;
			buildConfigurations = (
				5739FD44232FFF8800C8623A /* Debug */,
				5739FD45232FFF8800C8623A /* Release */,
			);
			defaultConfigurationIsVisible = 0;
			defaultConfigurationName = Release;
		};
		5739FD46232FFF8800C8623A /* Build configuration list for PBXNativeTarget "HistoryApp" */ = {
			isa = XCConfigurationList;
			buildConfigurations = (
				5739FD47232FFF8800C8623A /* Debug */,
				5739FD48232FFF8800C8623A /* Release */,
			);
			defaultConfigurationIsVisible = 0;
			defaultConfigurationName = Release;
		};
		5739FD49232FFF8800C8623A /* Build configuration list for PBXNativeTarget "HistoryAppTests" */ = {
			isa = XCConfigurationList;
			buildConfigurations = (
				5739FD4A232FFF8800C8623A /* Debug */,
				5739FD4B232FFF8800C8623A /* Release */,
			);
			defaultConfigurationIsVisible = 0;
			defaultConfigurationName = Release;
		};
		5739FD4C232FFF8800C8623A /* Build configuration list for PBXNativeTarget "HistoryAppUITests" */ = {
			isa = XCConfigurationList;
			buildConfigurations = (
				5739FD4D232FFF8800C8623A /* Debug */,
				5739FD4E232FFF8800C8623A /* Release */,
			);
			defaultConfigurationIsVisible = 0;
			defaultConfigurationName = Release;
		};
/* End XCConfigurationList section */
	};
	rootObject = 5739FD14232FFF8600C8623A /* Project object */;
}
